
Microsoft Visual Studio Solution File, Format Version 12.00
# Visual Studio 14
VisualStudioVersion = 14.0.25420.1
MinimumVisualStudioVersion = 10.0.40219.1
Project("{FAE04EC0-301F-11D3-BF4B-00C04F79EFBC}") = "UsrLibrary", "UsrLibrary\UsrLibrary.csproj", "{D5834F14-18F5-4D40-858C-FC1E8C32F850}"
EndProject
Project("{FAE04EC0-301F-11D3-BF4B-00C04F79EFBC}") = "LoginTest", "LoginTest\LoginTest.csproj", "{202370D2-F600-4E54-A035-E8B27B41C972}"
EndProject
Global
	GlobalSection(SolutionConfigurationPlatforms) = preSolution
		Debug|Any CPU = Debug|Any CPU
		Release|Any CPU = Release|Any CPU
	EndGlobalSection
	GlobalSection(ProjectConfigurationPlatforms) = postSolution
		{D5834F14-18F5-4D40-858C-FC1E8C32F850}.Debug|Any CPU.ActiveCfg = Debug|Any CPU
		{D5834F14-18F5-4D40-858C-FC1E8C32F850}.Debug|Any CPU.Build.0 = Debug|Any CPU
		{D5834F14-18F5-4D40-858C-FC1E8C32F850}.Release|Any CPU.ActiveCfg = Release|Any CPU
		{D5834F14-18F5-4D40-858C-FC1E8C32F850}.Release|Any CPU.Build.0 = Release|Any CPU
		{202370D2-F600-4E54-A035-E8B27B41C972}.Debug|Any CPU.ActiveCfg = Debug|Any CPU
		{202370D2-F600-4E54-A035-E8B27B41C972}.Debug|Any CPU.Build.0 = Debug|Any CPU
		{202370D2-F600-4E54-A035-E8B27B41C972}.Release|Any CPU.ActiveCfg = Release|Any CPU
		{202370D2-F600-4E54-A035-E8B27B41C972}.Release|Any CPU.Build.0 = Release|Any CPU
	EndGlobalSection
	GlobalSection(SolutionProperties) = preSolution
		HideSolutionNode = FALSE
	EndGlobalSection
EndGlobal
